{
  "requires": true,
  "lockfileVersion": 1,
  "dependencies": {
    "commentbox.io": {
      "version": "2.0.0",
      "resolved": "https://registry.npmjs.org/commentbox.io/-/commentbox.io-2.0.0.tgz",
      "integrity": "sha512-TxzirBdwcRXRTA3DZdTRNKOiUI0RhpUGThQwyeXjukkORF5N4kMG7lE162SBgIuGwFiMTqxKcfTCys6E4RJo8g==",
      "requires": {
        "qs": "6.9.4"
      }
    },
    "qs": {
      "version": "6.9.4",
      "resolved": "https://registry.npmjs.org/qs/-/qs-6.9.4.tgz",
      "integrity": "sha512-A1kFqHekCTM7cz0udomYUoYNWjBebHm/5wzU/XqrBRBNWectVH0QIiN+NEcZ0Dte5hvzHwbr8+XQmguPhJ6WdQ=="
    }
  }
}
